{
	"name": "@gve/bridge",
	"version": "0.1.0-alpha.0",
	"lockfileVersion": 2,
	"requires": true,
	"packages": {
		"": {
			"name": "@gve/bridge",
			"version": "0.0.1-alpha.1",
			"license": "Apache-2.0",
			"dependencies": {
				"commander": "^7.2.0",
				"force-boolean": "^1.2.0",
				"lodash.union": "^4.6.0",
				"lodash.update": "^4.10.2",
				"parse-gitignore": "^1.0.1",
				"rsync": "^0.6.1"
			},
			"bin": {
				"bridge": "src/cli.js"
			},
			"devDependencies": {
				"debug": "^4.3.1"
			}
		},
		"node_modules/commander": {
			"version": "7.2.0",
			"resolved": "https://registry.npmjs.org/commander/-/commander-7.2.0.tgz",
			"integrity": "sha512-QrWXB+ZQSVPmIWIhtEO9H+gwHaMGYiF5ChvoJ+K9ZGHG/sVsa6yiesAD1GC/x46sET00Xlwo1u49RVVVzvcSkw==",
			"engines": {
				"node": ">= 10"
			}
		},
		"node_modules/debug": {
			"version": "4.3.1",
			"resolved": "https://registry.npmjs.org/debug/-/debug-4.3.1.tgz",
			"integrity": "sha512-doEwdvm4PCeK4K3RQN2ZC2BYUBaxwLARCqZmMjtF8a51J2Rb0xpVloFRnCODwqjpwnAoao4pelN8l3RJdv3gRQ==",
			"dev": true,
			"dependencies": {
				"ms": "2.1.2"
			},
			"engines": {
				"node": ">=6.0"
			}
		},
		"node_modules/force-boolean": {
			"version": "1.2.0",
			"resolved": "https://registry.npmjs.org/force-boolean/-/force-boolean-1.2.0.tgz",
			"integrity": "sha512-L5lZhyHLF8J1Az3CO+0MrKFk+pWawR+dVWwP98e5TNew95K4Gew5ZAIN9MY8u+aHDOM2AGLikcJpGFj7JIThAQ=="
		},
		"node_modules/lodash.union": {
			"version": "4.6.0",
			"resolved": "https://registry.npmjs.org/lodash.union/-/lodash.union-4.6.0.tgz",
			"integrity": "sha1-SLtQiECfFvGCFmZkHETdGqrjzYg="
		},
		"node_modules/lodash.update": {
			"version": "4.10.2",
			"resolved": "https://registry.npmjs.org/lodash.update/-/lodash.update-4.10.2.tgz",
			"integrity": "sha1-namYXPBmRvUia8qOJ21YvuDbh5Y="
		},
		"node_modules/ms": {
			"version": "2.1.2",
			"resolved": "https://registry.npmjs.org/ms/-/ms-2.1.2.tgz",
			"integrity": "sha512-sGkPx+VjMtmA6MX27oA4FBFELFCZZ4S4XqeGOXCv68tT+jb3vk/RyaKWP0PTKyWtmLSM0b+adUTEvbs1PEaH2w==",
			"dev": true
		},
		"node_modules/parse-gitignore": {
			"version": "1.0.1",
			"resolved": "https://registry.npmjs.org/parse-gitignore/-/parse-gitignore-1.0.1.tgz",
			"integrity": "sha512-UGyowyjtx26n65kdAMWhm6/3uy5uSrpcuH7tt+QEVudiBoVS+eqHxD5kbi9oWVRwj7sCzXqwuM+rUGw7earl6A==",
			"engines": {
				"node": ">=6"
			}
		},
		"node_modules/rsync": {
			"version": "0.6.1",
			"resolved": "https://registry.npmjs.org/rsync/-/rsync-0.6.1.tgz",
			"integrity": "sha1-NoGgCYvYdQRI+L+dof7gn3djdCs="
		}
	},
	"dependencies": {
		"commander": {
			"version": "7.2.0",
			"resolved": "https://registry.npmjs.org/commander/-/commander-7.2.0.tgz",
			"integrity": "sha512-QrWXB+ZQSVPmIWIhtEO9H+gwHaMGYiF5ChvoJ+K9ZGHG/sVsa6yiesAD1GC/x46sET00Xlwo1u49RVVVzvcSkw=="
		},
		"debug": {
			"version": "4.3.1",
			"resolved": "https://registry.npmjs.org/debug/-/debug-4.3.1.tgz",
			"integrity": "sha512-doEwdvm4PCeK4K3RQN2ZC2BYUBaxwLARCqZmMjtF8a51J2Rb0xpVloFRnCODwqjpwnAoao4pelN8l3RJdv3gRQ==",
			"dev": true,
			"requires": {
				"ms": "2.1.2"
			}
		},
		"force-boolean": {
			"version": "1.2.0",
			"resolved": "https://registry.npmjs.org/force-boolean/-/force-boolean-1.2.0.tgz",
			"integrity": "sha512-L5lZhyHLF8J1Az3CO+0MrKFk+pWawR+dVWwP98e5TNew95K4Gew5ZAIN9MY8u+aHDOM2AGLikcJpGFj7JIThAQ=="
		},
		"lodash.union": {
			"version": "4.6.0",
			"resolved": "https://registry.npmjs.org/lodash.union/-/lodash.union-4.6.0.tgz",
			"integrity": "sha1-SLtQiECfFvGCFmZkHETdGqrjzYg="
		},
		"lodash.update": {
			"version": "4.10.2",
			"resolved": "https://registry.npmjs.org/lodash.update/-/lodash.update-4.10.2.tgz",
			"integrity": "sha1-namYXPBmRvUia8qOJ21YvuDbh5Y="
		},
		"ms": {
			"version": "2.1.2",
			"resolved": "https://registry.npmjs.org/ms/-/ms-2.1.2.tgz",
			"integrity": "sha512-sGkPx+VjMtmA6MX27oA4FBFELFCZZ4S4XqeGOXCv68tT+jb3vk/RyaKWP0PTKyWtmLSM0b+adUTEvbs1PEaH2w==",
			"dev": true
		},
		"parse-gitignore": {
			"version": "1.0.1",
			"resolved": "https://registry.npmjs.org/parse-gitignore/-/parse-gitignore-1.0.1.tgz",
			"integrity": "sha512-UGyowyjtx26n65kdAMWhm6/3uy5uSrpcuH7tt+QEVudiBoVS+eqHxD5kbi9oWVRwj7sCzXqwuM+rUGw7earl6A=="
		},
		"rsync": {
			"version": "0.6.1",
			"resolved": "https://registry.npmjs.org/rsync/-/rsync-0.6.1.tgz",
			"integrity": "sha1-NoGgCYvYdQRI+L+dof7gn3djdCs="
		}
	}
}
