{
	"name": "@gve/core",
	"version": "0.0.1-alpha.1",
	"lockfileVersion": 2,
	"requires": true,
	"packages": {
		"": {
			"name": "@gve/core",
			"version": "0.0.1-alpha.1",
			"license": "Apache-2.0",
			"dependencies": {
				"force-boolean": "^1.2.0",
				"normalize-url": "^5.3.0"
			}
		},
		"node_modules/force-boolean": {
			"version": "1.2.0",
			"resolved": "https://registry.npmjs.org/force-boolean/-/force-boolean-1.2.0.tgz",
			"integrity": "sha512-L5lZhyHLF8J1Az3CO+0MrKFk+pWawR+dVWwP98e5TNew95K4Gew5ZAIN9MY8u+aHDOM2AGLikcJpGFj7JIThAQ=="
		},
		"node_modules/normalize-url": {
			"version": "5.3.0",
			"resolved": "https://registry.npmjs.org/normalize-url/-/normalize-url-5.3.0.tgz",
			"integrity": "sha512-9/nOVLYYe/dO/eJeQUNaGUF4m4Z5E7cb9oNTKabH+bNf19mqj60txTcveQxL0GlcWLXCxkOu2/LwL8oW0idIDA==",
			"engines": {
				"node": ">=10"
			}
		}
	},
	"dependencies": {
		"force-boolean": {
			"version": "1.2.0",
			"resolved": "https://registry.npmjs.org/force-boolean/-/force-boolean-1.2.0.tgz",
			"integrity": "sha512-L5lZhyHLF8J1Az3CO+0MrKFk+pWawR+dVWwP98e5TNew95K4Gew5ZAIN9MY8u+aHDOM2AGLikcJpGFj7JIThAQ=="
		},
		"normalize-url": {
			"version": "5.3.0",
			"resolved": "https://registry.npmjs.org/normalize-url/-/normalize-url-5.3.0.tgz",
			"integrity": "sha512-9/nOVLYYe/dO/eJeQUNaGUF4m4Z5E7cb9oNTKabH+bNf19mqj60txTcveQxL0GlcWLXCxkOu2/LwL8oW0idIDA=="
		}
	}
}
