{
  "name": "@cisco/google",
  "version": "0.4.5",
  "lockfileVersion": 1,
  "requires": true,
  "dependencies": {
    "@humanwhocodes/env": {
      "version": "2.2.0",
      "resolved": "https://engci-maven.cisco.com/artifactory/api/npm/collab-npm/@humanwhocodes/env/-/env-2.2.0.tgz",
      "integrity": "sha1-WKa9PTYB5JH/P18L+ErSPNc0H3Q="
    },
    "abort-controller": {
      "version": "3.0.0",
      "resolved": "https://engci-maven.cisco.com/artifactory/api/npm/collab-npm/abort-controller/-/abort-controller-3.0.0.tgz",
      "integrity": "sha1-6vVNU7YrrkE46AnKIlyEOabvs5I=",
      "requires": {
        "event-target-shim": "^5.0.0"
      }
    },
    "agent-base": {
      "version": "6.0.2",
      "resolved": "https://engci-maven.cisco.com/artifactory/api/npm/collab-npm/agent-base/-/agent-base-6.0.2.tgz",
      "integrity": "sha1-Sf/1hXfP7j83F2/qtMIuAPhtf3c=",
      "requires": {
        "debug": "4"
      }
    },
    "arrify": {
      "version": "2.0.1",
      "resolved": "https://engci-maven.cisco.com/artifactory/api/npm/collab-npm/arrify/-/arrify-2.0.1.tgz",
      "integrity": "sha1-yWVekzHgq81YjSp8rX6ZVvZnAfo="
    },
    "base64-js": {
      "version": "1.5.1",
      "resolved": "https://engci-maven.cisco.com/artifactory/api/npm/collab-npm/base64-js/-/base64-js-1.5.1.tgz",
      "integrity": "sha1-GxtEAWClv3rUC2UPCVljSBkDkwo="
    },
    "bignumber.js": {
      "version": "9.0.2",
      "resolved": "https://engci-maven.cisco.com/artifactory/api/npm/collab-npm/bignumber.js/-/bignumber.js-9.0.2.tgz",
      "integrity": "sha1-ccbGvtON5k4kpl6+Fs/PI65pNnM="
    },
    "buffer-equal-constant-time": {
      "version": "1.0.1",
      "resolved": "https://engci-maven.cisco.com/artifactory/api/npm/collab-npm/buffer-equal-constant-time/-/buffer-equal-constant-time-1.0.1.tgz",
      "integrity": "sha1-+OcRMvf/5uAaXJaXpMbz5I1cyBk="
    },
    "debug": {
      "version": "4.3.4",
      "resolved": "https://engci-maven.cisco.com/artifactory/api/npm/collab-npm/debug/-/debug-4.3.4.tgz",
      "integrity": "sha1-Exn2V5NX8jONMzfSzdSRS7XcyGU=",
      "requires": {
        "ms": "2.1.2"
      }
    },
    "ecdsa-sig-formatter": {
      "version": "1.0.11",
      "resolved": "https://engci-maven.cisco.com/artifactory/api/npm/collab-npm/ecdsa-sig-formatter/-/ecdsa-sig-formatter-1.0.11.tgz",
      "integrity": "sha1-rg8PothQRe8UqBfao86azQSJ5b8=",
      "requires": {
        "safe-buffer": "^5.0.1"
      }
    },
    "event-target-shim": {
      "version": "5.0.1",
      "resolved": "https://engci-maven.cisco.com/artifactory/api/npm/collab-npm/event-target-shim/-/event-target-shim-5.0.1.tgz",
      "integrity": "sha1-XU0+vflYPWOlMzzi3rdICrKwV4k="
    },
    "extend": {
      "version": "3.0.2",
      "resolved": "https://engci-maven.cisco.com/artifactory/api/npm/collab-npm/extend/-/extend-3.0.2.tgz",
      "integrity": "sha1-+LETa0Bx+9jrFAr/hYsQGewpFfo="
    },
    "fast-text-encoding": {
      "version": "1.0.3",
      "resolved": "https://engci-maven.cisco.com/artifactory/api/npm/collab-npm/fast-text-encoding/-/fast-text-encoding-1.0.3.tgz",
      "integrity": "sha1-7AKsjgGrijGa8YLa4mgSE8/pzlM="
    },
    "gaxios": {
      "version": "4.3.3",
      "resolved": "https://engci-maven.cisco.com/artifactory/api/npm/collab-npm/gaxios/-/gaxios-4.3.3.tgz",
      "integrity": "sha1-1Eve/lLTS2Q1zEEhT9sWC2Sr/CI=",
      "requires": {
        "abort-controller": "^3.0.0",
        "extend": "^3.0.2",
        "https-proxy-agent": "^5.0.0",
        "is-stream": "^2.0.0",
        "node-fetch": "^2.6.7"
      }
    },
    "gcp-metadata": {
      "version": "4.3.1",
      "resolved": "https://engci-maven.cisco.com/artifactory/api/npm/collab-npm/gcp-metadata/-/gcp-metadata-4.3.1.tgz",
      "integrity": "sha1-+yBf5qkP7y/ZyF5roG5VWe4e76k=",
      "requires": {
        "gaxios": "^4.0.0",
        "json-bigint": "^1.0.0"
      }
    },
    "google-auth-library": {
      "version": "7.14.1",
      "resolved": "https://engci-maven.cisco.com/artifactory/api/npm/collab-npm/google-auth-library/-/google-auth-library-7.14.1.tgz",
      "integrity": "sha1-40gwNBYvJMxxuVyKVaIQAIgmITw=",
      "requires": {
        "arrify": "^2.0.0",
        "base64-js": "^1.3.0",
        "ecdsa-sig-formatter": "^1.0.11",
        "fast-text-encoding": "^1.0.0",
        "gaxios": "^4.0.0",
        "gcp-metadata": "^4.2.0",
        "gtoken": "^5.0.4",
        "jws": "^4.0.0",
        "lru-cache": "^6.0.0"
      }
    },
    "google-p12-pem": {
      "version": "3.1.4",
      "resolved": "https://engci-maven.cisco.com/artifactory/api/npm/collab-npm/google-p12-pem/-/google-p12-pem-3.1.4.tgz",
      "integrity": "sha1-Ej97QNogTeTtH78v1b4SwEf8izs=",
      "requires": {
        "node-forge": "^1.3.1"
      }
    },
    "gtoken": {
      "version": "5.3.2",
      "resolved": "https://engci-maven.cisco.com/artifactory/api/npm/collab-npm/gtoken/-/gtoken-5.3.2.tgz",
      "integrity": "sha1-3rfch2q+ACF44FFeODOC6pRG1Y8=",
      "requires": {
        "gaxios": "^4.0.0",
        "google-p12-pem": "^3.1.3",
        "jws": "^4.0.0"
      }
    },
    "https-proxy-agent": {
      "version": "5.0.1",
      "resolved": "https://engci-maven.cisco.com/artifactory/api/npm/collab-npm/https-proxy-agent/-/https-proxy-agent-5.0.1.tgz",
      "integrity": "sha1-xZ7yJKBP6LdU89sAY6Jeow0ABdY=",
      "requires": {
        "agent-base": "6",
        "debug": "4"
      }
    },
    "is-stream": {
      "version": "2.0.1",
      "resolved": "https://engci-maven.cisco.com/artifactory/api/npm/collab-npm/is-stream/-/is-stream-2.0.1.tgz",
      "integrity": "sha1-+sHj1TuXrVqdCunO8jifWBClwHc="
    },
    "json-bigint": {
      "version": "1.0.0",
      "resolved": "https://engci-maven.cisco.com/artifactory/api/npm/collab-npm/json-bigint/-/json-bigint-1.0.0.tgz",
      "integrity": "sha1-rlR4I6wMrYOYZn+M2e9HMPWwH/E=",
      "requires": {
        "bignumber.js": "^9.0.0"
      }
    },
    "jwa": {
      "version": "2.0.0",
      "resolved": "https://engci-maven.cisco.com/artifactory/api/npm/collab-npm/jwa/-/jwa-2.0.0.tgz",
      "integrity": "sha1-p+nD8p2ulAJ+vK9Jl1yTRVk0EPw=",
      "requires": {
        "buffer-equal-constant-time": "1.0.1",
        "ecdsa-sig-formatter": "1.0.11",
        "safe-buffer": "^5.0.1"
      }
    },
    "jws": {
      "version": "4.0.0",
      "resolved": "https://engci-maven.cisco.com/artifactory/api/npm/collab-npm/jws/-/jws-4.0.0.tgz",
      "integrity": "sha1-LU6M9qMY/6oSYV6d7H6G5slzEPQ=",
      "requires": {
        "jwa": "^2.0.0",
        "safe-buffer": "^5.0.1"
      }
    },
    "lru-cache": {
      "version": "6.0.0",
      "resolved": "https://engci-maven.cisco.com/artifactory/api/npm/collab-npm/lru-cache/-/lru-cache-6.0.0.tgz",
      "integrity": "sha1-bW/mVw69lqr5D8rR2vo7JWbbOpQ=",
      "requires": {
        "yallist": "^4.0.0"
      }
    },
    "ms": {
      "version": "2.1.2",
      "resolved": "https://engci-maven.cisco.com/artifactory/api/npm/collab-npm/ms/-/ms-2.1.2.tgz",
      "integrity": "sha1-0J0fNXtEP0kzgqjrPM0YOHKuYAk="
    },
    "node-fetch": {
      "version": "2.6.7",
      "resolved": "https://engci-maven.cisco.com/artifactory/api/npm/collab-npm/node-fetch/-/node-fetch-2.6.7.tgz",
      "integrity": "sha1-JN6fuoJ+O0rkTciyAlajeRYAUq0=",
      "requires": {
        "whatwg-url": "^5.0.0"
      }
    },
    "node-forge": {
      "version": "1.3.1",
      "resolved": "https://engci-maven.cisco.com/artifactory/api/npm/collab-npm/node-forge/-/node-forge-1.3.1.tgz",
      "integrity": "sha1-vo2iryQ7JBfV9kancGY6krfp3tM="
    },
    "safe-buffer": {
      "version": "5.2.1",
      "resolved": "https://engci-maven.cisco.com/artifactory/api/npm/collab-npm/safe-buffer/-/safe-buffer-5.2.1.tgz",
      "integrity": "sha1-Hq+fqb2x/dTsdfWPnNtOa3gn7sY="
    },
    "tr46": {
      "version": "0.0.3",
      "resolved": "https://engci-maven.cisco.com/artifactory/api/npm/collab-npm/tr46/-/tr46-0.0.3.tgz",
      "integrity": "sha1-gYT9NH2snNwYWZLzpmIuFLnZq2o="
    },
    "webidl-conversions": {
      "version": "3.0.1",
      "resolved": "https://engci-maven.cisco.com/artifactory/api/npm/collab-npm/webidl-conversions/-/webidl-conversions-3.0.1.tgz",
      "integrity": "sha1-JFNCdeKnvGvnvIZhHMFq4KVlSHE="
    },
    "whatwg-url": {
      "version": "5.0.0",
      "resolved": "https://engci-maven.cisco.com/artifactory/api/npm/collab-npm/whatwg-url/-/whatwg-url-5.0.0.tgz",
      "integrity": "sha1-lmRU6HZUYuN2RNNib2dCzotwll0=",
      "requires": {
        "tr46": "~0.0.3",
        "webidl-conversions": "^3.0.0"
      }
    },
    "yallist": {
      "version": "4.0.0",
      "resolved": "https://engci-maven.cisco.com/artifactory/api/npm/collab-npm/yallist/-/yallist-4.0.0.tgz",
      "integrity": "sha1-m7knkNnA7/7GO+c1GeEaNQGaOnI="
    }
  }
}
