{
	"name": "@gve/google",
	"version": "0.0.0",
	"lockfileVersion": 2,
	"requires": true,
	"packages": {
		"": {
			"name": "@gve/google",
			"version": "0.0.0",
			"license": "Apache-2.0",
			"dependencies": {
				"@humanwhocodes/env": "^2.2.0"
			}
		},
		"node_modules/@humanwhocodes/env": {
			"version": "2.2.0",
			"resolved": "https://registry.npmjs.org/@humanwhocodes/env/-/env-2.2.0.tgz",
			"integrity": "sha512-L2+9dTj3w2IG59IN1tNfYGkOg9C0HKXgCRc9VpFfwNeYcwyDb2gIokxZlg3Ss8wycrfnllaFXkfinDJpEuzp7g==",
			"funding": {
				"type": "github",
				"url": "https://github.com/sponsors/nzakas"
			}
		}
	},
	"dependencies": {
		"@humanwhocodes/env": {
			"version": "2.2.0",
			"resolved": "https://registry.npmjs.org/@humanwhocodes/env/-/env-2.2.0.tgz",
			"integrity": "sha512-L2+9dTj3w2IG59IN1tNfYGkOg9C0HKXgCRc9VpFfwNeYcwyDb2gIokxZlg3Ss8wycrfnllaFXkfinDJpEuzp7g=="
		}
	}
}
